{
    "_readme": [
        "This file locks the dependencies of your project to a known state",
        "Read more about it at https://getcomposer.org/doc/01-basic-usage.md#composer-lock-the-lock-file",
        "This file is @generated automatically"
    ],
    "hash": "fa16e642849a083e2b2ded21a063cbf2",
    "content-hash": "551e02bf1dcf50a19249505f98a342af",
    "packages": [
        {
            "name": "flyandi/mime",
            "version": "dev-master",
            "source": {
                "type": "git",
                "url": "https://github.com/flyandi/php-mime.git",
                "reference": "8289f196a1d7538e862c25b971485547690f73b3"
            },
            "dist": {
                "type": "zip",
                "url": "https://api.github.com/repos/flyandi/php-mime/zipball/8289f196a1d7538e862c25b971485547690f73b3",
                "reference": "8289f196a1d7538e862c25b971485547690f73b3",
                "shasum": ""
            },
            "type": "library",
            "autoload": {
                "files": [
                    "src/mime.php"
                ]
            },
            "notification-url": "https://packagist.org/downloads/",
            "license": [
                "MIT"
            ],
            "authors": [
                {
                    "name": "Andreas Schwarz",
                    "email": "flyandi@yahoo.com"
                }
            ],
            "description": "A quick and easy to use MimeType library that actually support descriptions",
            "homepage": "https://github.com/flyandi/php-mime",
            "time": "2016-10-19 06:32:19"
        }
    ],
    "packages-dev": [],
    "aliases": [],
    "minimum-stability": "dev",
    "stability-flags": {
        "flyandi/mime": 20
    },
    "prefer-stable": false,
    "prefer-lowest": false,
    "platform": [],
    "platform-dev": []
}
